
Microsoft Visual Studio Solution File, Format Version 12.00
# Visual Studio Version 17
VisualStudioVersion = 17.5.33530.505
MinimumVisualStudioVersion = 10.0.40219.1
Project("{FAE04EC0-301F-11D3-BF4B-00C04F79EFBC}") = "MakeItSimple.WebApi", "MakeItSimple.WebApi\MakeItSimple.WebApi.csproj", "{A90446A7-A22A-4FC6-98F9-EAED5A32C3D2}"
EndProject
Global
	GlobalSection(SolutionConfigurationPlatforms) = preSolution
		Debug|Any CPU = Debug|Any CPU
		Release|Any CPU = Release|Any CPU
	EndGlobalSection
	GlobalSection(ProjectConfigurationPlatforms) = postSolution
		{A90446A7-A22A-4FC6-98F9-EAED5A32C3D2}.Debug|Any CPU.ActiveCfg = Debug|Any CPU
		{A90446A7-A22A-4FC6-98F9-EAED5A32C3D2}.Debug|Any CPU.Build.0 = Debug|Any CPU
		{A90446A7-A22A-4FC6-98F9-EAED5A32C3D2}.Release|Any CPU.ActiveCfg = Release|Any CPU
		{A90446A7-A22A-4FC6-98F9-EAED5A32C3D2}.Release|Any CPU.Build.0 = Release|Any CPU
	EndGlobalSection
	GlobalSection(SolutionProperties) = preSolution
		HideSolutionNode = FALSE
	EndGlobalSection
	GlobalSection(ExtensibilityGlobals) = postSolution
		SolutionGuid = {9AB6DA79-0B35-46E7-A0FE-922DFE66B846}
	EndGlobalSection
EndGlobal
